// !$*UTF8*$!
{
	archiveVersion = 1;
	classes = {
	};
	objectVersion = 77;
	objects = {

/* Begin PBXBuildFile section */
		9504030F2D4D7E0A00F51903 /* CubiomesKit in Frameworks */ = {isa = PBXBuildFile; productRef = 9504030E2D4D7E0A00F51903 /* CubiomesKit */; };
		951FE2BC2D5937630091BE11 /* ViewInspector in Frameworks */ = {isa = PBXBuildFile; productRef = 951FE2BB2D5937630091BE11 /* ViewInspector */; };
		955A44382D8F47C600262A6D /* AdaptableSidebarSheetView in Frameworks */ = {isa = PBXBuildFile; productRef = 955A44372D8F47C600262A6D /* AdaptableSidebarSheetView */; };
		955A4D682D932A6500262A6D /* DesignLibrary in Frameworks */ = {isa = PBXBuildFile; productRef = 955A4D672D932A6500262A6D /* DesignLibrary */; };
		955CD1652DAAE1BE007F6FA1 /* CubiomesKit in Frameworks */ = {isa = PBXBuildFile; productRef = 955CD1642DAAE1BE007F6FA1 /* CubiomesKit */; };
/* End PBXBuildFile section */

/* Begin PBXContainerItemProxy section */
		950402E12D4D522200F51903 /* PBXContainerItemProxy */ = {
			isa = PBXContainerItemProxy;
			containerPortal = 950402C72D4D522100F51903 /* Project object */;
			proxyType = 1;
			remoteGlobalIDString = 950402CE2D4D522100F51903;
			remoteInfo = MCMaps;
		};
/* End PBXContainerItemProxy section */

/* Begin PBXFileReference section */
		950402CF2D4D522100F51903 /* Alidade.app */ = {isa = PBXFileReference; explicitFileType = wrapper.application; includeInIndex = 0; path = Alidade.app; sourceTree = BUILT_PRODUCTS_DIR; };
		950402E02D4D522200F51903 /* MCMapsTests.xctest */ = {isa = PBXFileReference; explicitFileType = wrapper.cfbundle; includeInIndex = 0; path = MCMapsTests.xctest; sourceTree = BUILT_PRODUCTS_DIR; };
/* End PBXFileReference section */

/* Begin PBXFileSystemSynchronizedBuildFileExceptionSet section */
		9504037F2D4DAD3700F51903 /* Exceptions for "MCMaps" folder in "Alidade" target */ = {
			isa = PBXFileSystemSynchronizedBuildFileExceptionSet;
			membershipExceptions = (
				Resources/Info.plist,
			);
			target = 950402CE2D4D522100F51903 /* Alidade */;
		};
/* End PBXFileSystemSynchronizedBuildFileExceptionSet section */

/* Begin PBXFileSystemSynchronizedRootGroup section */
		950402D12D4D522100F51903 /* MCMaps */ = {
			isa = PBXFileSystemSynchronizedRootGroup;
			exceptions = (
				9504037F2D4DAD3700F51903 /* Exceptions for "MCMaps" folder in "Alidade" target */,
			);
			path = MCMaps;
			sourceTree = "<group>";
		};
		950402E32D4D522200F51903 /* MCMapsTests */ = {
			isa = PBXFileSystemSynchronizedRootGroup;
			path = MCMapsTests;
			sourceTree = "<group>";
		};
/* End PBXFileSystemSynchronizedRootGroup section */

/* Begin PBXFrameworksBuildPhase section */
		950402CC2D4D522100F51903 /* Frameworks */ = {
			isa = PBXFrameworksBuildPhase;
			buildActionMask = 2147483647;
			files = (
				9504030F2D4D7E0A00F51903 /* CubiomesKit in Frameworks */,
				955A44382D8F47C600262A6D /* AdaptableSidebarSheetView in Frameworks */,
				955CD1652DAAE1BE007F6FA1 /* CubiomesKit in Frameworks */,
				955A4D682D932A6500262A6D /* DesignLibrary in Frameworks */,
			);
			runOnlyForDeploymentPostprocessing = 0;
		};
		950402DD2D4D522200F51903 /* Frameworks */ = {
			isa = PBXFrameworksBuildPhase;
			buildActionMask = 2147483647;
			files = (
				951FE2BC2D5937630091BE11 /* ViewInspector in Frameworks */,
			);
			runOnlyForDeploymentPostprocessing = 0;
		};
/* End PBXFrameworksBuildPhase section */

/* Begin PBXGroup section */
		950402C62D4D522100F51903 = {
			isa = PBXGroup;
			children = (
				950402D12D4D522100F51903 /* MCMaps */,
				950402E32D4D522200F51903 /* MCMapsTests */,
				950402D02D4D522100F51903 /* Products */,
			);
			sourceTree = "<group>";
		};
		950402D02D4D522100F51903 /* Products */ = {
			isa = PBXGroup;
			children = (
				950402CF2D4D522100F51903 /* Alidade.app */,
				950402E02D4D522200F51903 /* MCMapsTests.xctest */,
			);
			name = Products;
			sourceTree = "<group>";
		};
/* End PBXGroup section */

/* Begin PBXNativeTarget section */
		950402CE2D4D522100F51903 /* Alidade */ = {
			isa = PBXNativeTarget;
			buildConfigurationList = 950402F42D4D522200F51903 /* Build configuration list for PBXNativeTarget "Alidade" */;
			buildPhases = (
				950402CB2D4D522100F51903 /* Sources */,
				950402CC2D4D522100F51903 /* Frameworks */,
				950402CD2D4D522100F51903 /* Resources */,
			);
			buildRules = (
			);
			dependencies = (
				95DDE9672D57D0E9002B29D9 /* PBXTargetDependency */,
			);
			fileSystemSynchronizedGroups = (
				950402D12D4D522100F51903 /* MCMaps */,
			);
			name = Alidade;
			packageProductDependencies = (
				9504030E2D4D7E0A00F51903 /* CubiomesKit */,
				955A44372D8F47C600262A6D /* AdaptableSidebarSheetView */,
				955A4D672D932A6500262A6D /* DesignLibrary */,
				955CD1642DAAE1BE007F6FA1 /* CubiomesKit */,
			);
			productName = MCMaps;
			productReference = 950402CF2D4D522100F51903 /* Alidade.app */;
			productType = "com.apple.product-type.application";
		};
		950402DF2D4D522200F51903 /* MCMapsTests */ = {
			isa = PBXNativeTarget;
			buildConfigurationList = 950402F72D4D522200F51903 /* Build configuration list for PBXNativeTarget "MCMapsTests" */;
			buildPhases = (
				950402DC2D4D522200F51903 /* Sources */,
				950402DD2D4D522200F51903 /* Frameworks */,
				950402DE2D4D522200F51903 /* Resources */,
			);
			buildRules = (
			);
			dependencies = (
				950402E22D4D522200F51903 /* PBXTargetDependency */,
			);
			fileSystemSynchronizedGroups = (
				950402E32D4D522200F51903 /* MCMapsTests */,
			);
			name = MCMapsTests;
			packageProductDependencies = (
				951FE2BB2D5937630091BE11 /* ViewInspector */,
			);
			productName = MCMapsTests;
			productReference = 950402E02D4D522200F51903 /* MCMapsTests.xctest */;
			productType = "com.apple.product-type.bundle.unit-test";
		};
/* End PBXNativeTarget section */

/* Begin PBXProject section */
		950402C72D4D522100F51903 /* Project object */ = {
			isa = PBXProject;
			attributes = {
				BuildIndependentTargetsInParallel = 1;
				LastSwiftUpdateCheck = 1620;
				LastUpgradeCheck = 1630;
				TargetAttributes = {
					950402CE2D4D522100F51903 = {
						CreatedOnToolsVersion = 16.2;
					};
					950402DF2D4D522200F51903 = {
						CreatedOnToolsVersion = 16.2;
						TestTargetID = 950402CE2D4D522100F51903;
					};
				};
			};
			buildConfigurationList = 950402CA2D4D522100F51903 /* Build configuration list for PBXProject "MCMaps" */;
			developmentRegion = en;
			hasScannedForEncodings = 0;
			knownRegions = (
				en,
				Base,
			);
			mainGroup = 950402C62D4D522100F51903;
			minimizedProjectReferenceProxies = 1;
			packageReferences = (
				95DDE9652D57D0E1002B29D9 /* XCRemoteSwiftPackageReference "SwiftLintPlugins" */,
				951FE2BA2D5937630091BE11 /* XCRemoteSwiftPackageReference "ViewInspector" */,
				955A44362D8F47C600262A6D /* XCRemoteSwiftPackageReference "AdaptableSidebarSheetView" */,
				955A4D662D932A6500262A6D /* XCLocalSwiftPackageReference "DesignLibrary" */,
				955CD1632DAAE1BE007F6FA1 /* XCRemoteSwiftPackageReference "CubiomesKit" */,
			);
			preferredProjectObjectVersion = 77;
			productRefGroup = 950402D02D4D522100F51903 /* Products */;
			projectDirPath = "";
			projectRoot = "";
			targets = (
				950402CE2D4D522100F51903 /* Alidade */,
				950402DF2D4D522200F51903 /* MCMapsTests */,
			);
		};
/* End PBXProject section */

/* Begin PBXResourcesBuildPhase section */
		950402CD2D4D522100F51903 /* Resources */ = {
			isa = PBXResourcesBuildPhase;
			buildActionMask = 2147483647;
			files = (
			);
			runOnlyForDeploymentPostprocessing = 0;
		};
		950402DE2D4D522200F51903 /* Resources */ = {
			isa = PBXResourcesBuildPhase;
			buildActionMask = 2147483647;
			files = (
			);
			runOnlyForDeploymentPostprocessing = 0;
		};
/* End PBXResourcesBuildPhase section */

/* Begin PBXSourcesBuildPhase section */
		950402CB2D4D522100F51903 /* Sources */ = {
			isa = PBXSourcesBuildPhase;
			buildActionMask = 2147483647;
			files = (
			);
			runOnlyForDeploymentPostprocessing = 0;
		};
		950402DC2D4D522200F51903 /* Sources */ = {
			isa = PBXSourcesBuildPhase;
			buildActionMask = 2147483647;
			files = (
			);
			runOnlyForDeploymentPostprocessing = 0;
		};
/* End PBXSourcesBuildPhase section */

/* Begin PBXTargetDependency section */
		950402E22D4D522200F51903 /* PBXTargetDependency */ = {
			isa = PBXTargetDependency;
			target = 950402CE2D4D522100F51903 /* Alidade */;
			targetProxy = 950402E12D4D522200F51903 /* PBXContainerItemProxy */;
		};
		95DDE9672D57D0E9002B29D9 /* PBXTargetDependency */ = {
			isa = PBXTargetDependency;
			productRef = 95DDE9662D57D0E9002B29D9 /* SwiftLintBuildToolPlugin */;
		};
/* End PBXTargetDependency section */

/* Begin XCBuildConfiguration section */
		950402F22D4D522200F51903 /* Debug */ = {
			isa = XCBuildConfiguration;
			buildSettings = {
				ALWAYS_SEARCH_USER_PATHS = NO;
				ASSETCATALOG_COMPILER_GENERATE_SWIFT_ASSET_SYMBOL_EXTENSIONS = YES;
				CLANG_ANALYZER_NONNULL = YES;
				CLANG_ANALYZER_NUMBER_OBJECT_CONVERSION = YES_AGGRESSIVE;
				CLANG_CXX_LANGUAGE_STANDARD = "gnu++20";
				CLANG_ENABLE_MODULES = YES;
				CLANG_ENABLE_OBJC_ARC = YES;
				CLANG_ENABLE_OBJC_WEAK = YES;
				CLANG_WARN_BLOCK_CAPTURE_AUTORELEASING = YES;
				CLANG_WARN_BOOL_CONVERSION = YES;
				CLANG_WARN_COMMA = YES;
				CLANG_WARN_CONSTANT_CONVERSION = YES;
				CLANG_WARN_DEPRECATED_OBJC_IMPLEMENTATIONS = YES;
				CLANG_WARN_DIRECT_OBJC_ISA_USAGE = YES_ERROR;
				CLANG_WARN_DOCUMENTATION_COMMENTS = YES;
				CLANG_WARN_EMPTY_BODY = YES;
				CLANG_WARN_ENUM_CONVERSION = YES;
				CLANG_WARN_INFINITE_RECURSION = YES;
				CLANG_WARN_INT_CONVERSION = YES;
				CLANG_WARN_NON_LITERAL_NULL_CONVERSION = YES;
				CLANG_WARN_OBJC_IMPLICIT_RETAIN_SELF = YES;
				CLANG_WARN_OBJC_LITERAL_CONVERSION = YES;
				CLANG_WARN_OBJC_ROOT_CLASS = YES_ERROR;
				CLANG_WARN_QUOTED_INCLUDE_IN_FRAMEWORK_HEADER = YES;
				CLANG_WARN_RANGE_LOOP_ANALYSIS = YES;
				CLANG_WARN_STRICT_PROTOTYPES = YES;
				CLANG_WARN_SUSPICIOUS_MOVE = YES;
				CLANG_WARN_UNGUARDED_AVAILABILITY = YES_AGGRESSIVE;
				CLANG_WARN_UNREACHABLE_CODE = YES;
				CLANG_WARN__DUPLICATE_METHOD_MATCH = YES;
				COPY_PHASE_STRIP = NO;
				DEAD_CODE_STRIPPING = YES;
				DEBUG_INFORMATION_FORMAT = dwarf;
				DEVELOPMENT_TEAM = FQQXSP79X3;
				ENABLE_STRICT_OBJC_MSGSEND = YES;
				ENABLE_TESTABILITY = YES;
				ENABLE_USER_SCRIPT_SANDBOXING = YES;
				GCC_C_LANGUAGE_STANDARD = gnu17;
				GCC_DYNAMIC_NO_PIC = NO;
				GCC_NO_COMMON_BLOCKS = YES;
				GCC_OPTIMIZATION_LEVEL = 0;
				GCC_PREPROCESSOR_DEFINITIONS = (
					"DEBUG=1",
					"$(inherited)",
				);
				GCC_WARN_64_TO_32_BIT_CONVERSION = YES;
				GCC_WARN_ABOUT_RETURN_TYPE = YES_ERROR;
				GCC_WARN_UNDECLARED_SELECTOR = YES;
				GCC_WARN_UNINITIALIZED_AUTOS = YES_AGGRESSIVE;
				GCC_WARN_UNUSED_FUNCTION = YES;
				GCC_WARN_UNUSED_VARIABLE = YES;
				LOCALIZATION_PREFERS_STRING_CATALOGS = YES;
				MTL_ENABLE_DEBUG_INFO = INCLUDE_SOURCE;
				MTL_FAST_MATH = YES;
				ONLY_ACTIVE_ARCH = YES;
				SWIFT_ACTIVE_COMPILATION_CONDITIONS = "DEBUG $(inherited)";
				SWIFT_EMIT_LOC_STRINGS = YES;
				SWIFT_OPTIMIZATION_LEVEL = "-Onone";
			};
			name = Debug;
		};
		950402F32D4D522200F51903 /* Release */ = {
			isa = XCBuildConfiguration;
			buildSettings = {
				ALWAYS_SEARCH_USER_PATHS = NO;
				ASSETCATALOG_COMPILER_GENERATE_SWIFT_ASSET_SYMBOL_EXTENSIONS = YES;
				CLANG_ANALYZER_NONNULL = YES;
				CLANG_ANALYZER_NUMBER_OBJECT_CONVERSION = YES_AGGRESSIVE;
				CLANG_CXX_LANGUAGE_STANDARD = "gnu++20";
				CLANG_ENABLE_MODULES = YES;
				CLANG_ENABLE_OBJC_ARC = YES;
				CLANG_ENABLE_OBJC_WEAK = YES;
				CLANG_WARN_BLOCK_CAPTURE_AUTORELEASING = YES;
				CLANG_WARN_BOOL_CONVERSION = YES;
				CLANG_WARN_COMMA = YES;
				CLANG_WARN_CONSTANT_CONVERSION = YES;
				CLANG_WARN_DEPRECATED_OBJC_IMPLEMENTATIONS = YES;
				CLANG_WARN_DIRECT_OBJC_ISA_USAGE = YES_ERROR;
				CLANG_WARN_DOCUMENTATION_COMMENTS = YES;
				CLANG_WARN_EMPTY_BODY = YES;
				CLANG_WARN_ENUM_CONVERSION = YES;
				CLANG_WARN_INFINITE_RECURSION = YES;
				CLANG_WARN_INT_CONVERSION = YES;
				CLANG_WARN_NON_LITERAL_NULL_CONVERSION = YES;
				CLANG_WARN_OBJC_IMPLICIT_RETAIN_SELF = YES;
				CLANG_WARN_OBJC_LITERAL_CONVERSION = YES;
				CLANG_WARN_OBJC_ROOT_CLASS = YES_ERROR;
				CLANG_WARN_QUOTED_INCLUDE_IN_FRAMEWORK_HEADER = YES;
				CLANG_WARN_RANGE_LOOP_ANALYSIS = YES;
				CLANG_WARN_STRICT_PROTOTYPES = YES;
				CLANG_WARN_SUSPICIOUS_MOVE = YES;
				CLANG_WARN_UNGUARDED_AVAILABILITY = YES_AGGRESSIVE;
				CLANG_WARN_UNREACHABLE_CODE = YES;
				CLANG_WARN__DUPLICATE_METHOD_MATCH = YES;
				COPY_PHASE_STRIP = NO;
				DEAD_CODE_STRIPPING = YES;
				DEBUG_INFORMATION_FORMAT = "dwarf-with-dsym";
				DEVELOPMENT_TEAM = FQQXSP79X3;
				ENABLE_NS_ASSERTIONS = NO;
				ENABLE_STRICT_OBJC_MSGSEND = YES;
				ENABLE_USER_SCRIPT_SANDBOXING = YES;
				GCC_C_LANGUAGE_STANDARD = gnu17;
				GCC_NO_COMMON_BLOCKS = YES;
				GCC_WARN_64_TO_32_BIT_CONVERSION = YES;
				GCC_WARN_ABOUT_RETURN_TYPE = YES_ERROR;
				GCC_WARN_UNDECLARED_SELECTOR = YES;
				GCC_WARN_UNINITIALIZED_AUTOS = YES_AGGRESSIVE;
				GCC_WARN_UNUSED_FUNCTION = YES;
				GCC_WARN_UNUSED_VARIABLE = YES;
				LOCALIZATION_PREFERS_STRING_CATALOGS = YES;
				MTL_ENABLE_DEBUG_INFO = NO;
				MTL_FAST_MATH = YES;
				SWIFT_COMPILATION_MODE = wholemodule;
				SWIFT_EMIT_LOC_STRINGS = YES;
			};
			name = Release;
		};
		950402F52D4D522200F51903 /* Debug */ = {
			isa = XCBuildConfiguration;
			buildSettings = {
				ASSETCATALOG_COMPILER_APPICON_NAME = AppIcon;
				ASSETCATALOG_COMPILER_GLOBAL_ACCENT_COLOR_NAME = AccentColor;
				CODE_SIGN_ENTITLEMENTS = MCMaps/Resources/MCMaps.entitlements;
				CODE_SIGN_STYLE = Automatic;
				CURRENT_PROJECT_VERSION = 33;
				DEAD_CODE_STRIPPING = YES;
				DEVELOPMENT_ASSET_PATHS = "";
				ENABLE_HARDENED_RUNTIME = YES;
				ENABLE_PREVIEWS = YES;
				GENERATE_INFOPLIST_FILE = YES;
				INFOPLIST_FILE = MCMaps/Resources/Info.plist;
				INFOPLIST_KEY_CFBundleDisplayName = Alidade;
				INFOPLIST_KEY_LSApplicationCategoryType = "public.app-category.utilities";
				INFOPLIST_KEY_NSHumanReadableCopyright = "(C) 2025 Marquis Kurt. All rights reserved.";
				"INFOPLIST_KEY_UIApplicationSceneManifest_Generation[sdk=iphoneos*]" = YES;
				"INFOPLIST_KEY_UIApplicationSceneManifest_Generation[sdk=iphonesimulator*]" = YES;
				"INFOPLIST_KEY_UIApplicationSupportsIndirectInputEvents[sdk=iphoneos*]" = YES;
				"INFOPLIST_KEY_UIApplicationSupportsIndirectInputEvents[sdk=iphonesimulator*]" = YES;
				"INFOPLIST_KEY_UILaunchScreen_Generation[sdk=iphoneos*]" = YES;
				"INFOPLIST_KEY_UILaunchScreen_Generation[sdk=iphonesimulator*]" = YES;
				"INFOPLIST_KEY_UIStatusBarStyle[sdk=iphoneos*]" = UIStatusBarStyleDefault;
				"INFOPLIST_KEY_UIStatusBarStyle[sdk=iphonesimulator*]" = UIStatusBarStyleDefault;
				INFOPLIST_KEY_UISupportedInterfaceOrientations_iPad = "UIInterfaceOrientationPortrait UIInterfaceOrientationPortraitUpsideDown UIInterfaceOrientationLandscapeLeft UIInterfaceOrientationLandscapeRight";
				INFOPLIST_KEY_UISupportedInterfaceOrientations_iPhone = "UIInterfaceOrientationPortrait UIInterfaceOrientationLandscapeLeft UIInterfaceOrientationLandscapeRight";
				INFOPLIST_KEY_UISupportsDocumentBrowser = YES;
				IPHONEOS_DEPLOYMENT_TARGET = 18.2;
				LD_RUNPATH_SEARCH_PATHS = "@executable_path/Frameworks";
				"LD_RUNPATH_SEARCH_PATHS[sdk=macosx*]" = "@executable_path/../Frameworks";
				MACOSX_DEPLOYMENT_TARGET = 15.2;
				MARKETING_VERSION = 1.0;
				PRODUCT_BUNDLE_IDENTIFIER = net.marquiskurt.MCMaps;
				PRODUCT_NAME = "$(TARGET_NAME)";
				SDKROOT = auto;
				SUPPORTED_PLATFORMS = "iphoneos iphonesimulator macosx";
				SUPPORTS_MACCATALYST = NO;
				SWIFT_EMIT_LOC_STRINGS = YES;
				SWIFT_VERSION = 5.0;
				TARGETED_DEVICE_FAMILY = "1,2";
				XROS_DEPLOYMENT_TARGET = 2.2;
			};
			name = Debug;
		};
		950402F62D4D522200F51903 /* Release */ = {
			isa = XCBuildConfiguration;
			buildSettings = {
				ASSETCATALOG_COMPILER_APPICON_NAME = AppIcon;
				ASSETCATALOG_COMPILER_GLOBAL_ACCENT_COLOR_NAME = AccentColor;
				CODE_SIGN_ENTITLEMENTS = MCMaps/Resources/MCMaps.entitlements;
				CODE_SIGN_STYLE = Automatic;
				CURRENT_PROJECT_VERSION = 33;
				DEAD_CODE_STRIPPING = YES;
				DEVELOPMENT_ASSET_PATHS = "";
				ENABLE_HARDENED_RUNTIME = YES;
				ENABLE_PREVIEWS = YES;
				GENERATE_INFOPLIST_FILE = YES;
				INFOPLIST_FILE = MCMaps/Resources/Info.plist;
				INFOPLIST_KEY_CFBundleDisplayName = Alidade;
				INFOPLIST_KEY_LSApplicationCategoryType = "public.app-category.utilities";
				INFOPLIST_KEY_NSHumanReadableCopyright = "(C) 2025 Marquis Kurt. All rights reserved.";
				"INFOPLIST_KEY_UIApplicationSceneManifest_Generation[sdk=iphoneos*]" = YES;
				"INFOPLIST_KEY_UIApplicationSceneManifest_Generation[sdk=iphonesimulator*]" = YES;
				"INFOPLIST_KEY_UIApplicationSupportsIndirectInputEvents[sdk=iphoneos*]" = YES;
				"INFOPLIST_KEY_UIApplicationSupportsIndirectInputEvents[sdk=iphonesimulator*]" = YES;
				"INFOPLIST_KEY_UILaunchScreen_Generation[sdk=iphoneos*]" = YES;
				"INFOPLIST_KEY_UILaunchScreen_Generation[sdk=iphonesimulator*]" = YES;
				"INFOPLIST_KEY_UIStatusBarStyle[sdk=iphoneos*]" = UIStatusBarStyleDefault;
				"INFOPLIST_KEY_UIStatusBarStyle[sdk=iphonesimulator*]" = UIStatusBarStyleDefault;
				INFOPLIST_KEY_UISupportedInterfaceOrientations_iPad = "UIInterfaceOrientationPortrait UIInterfaceOrientationPortraitUpsideDown UIInterfaceOrientationLandscapeLeft UIInterfaceOrientationLandscapeRight";
				INFOPLIST_KEY_UISupportedInterfaceOrientations_iPhone = "UIInterfaceOrientationPortrait UIInterfaceOrientationLandscapeLeft UIInterfaceOrientationLandscapeRight";
				INFOPLIST_KEY_UISupportsDocumentBrowser = YES;
				IPHONEOS_DEPLOYMENT_TARGET = 18.2;
				LD_RUNPATH_SEARCH_PATHS = "@executable_path/Frameworks";
				"LD_RUNPATH_SEARCH_PATHS[sdk=macosx*]" = "@executable_path/../Frameworks";
				MACOSX_DEPLOYMENT_TARGET = 15.2;
				MARKETING_VERSION = 1.0;
				PRODUCT_BUNDLE_IDENTIFIER = net.marquiskurt.MCMaps;
				PRODUCT_NAME = "$(TARGET_NAME)";
				SDKROOT = auto;
				SUPPORTED_PLATFORMS = "iphoneos iphonesimulator macosx";
				SUPPORTS_MACCATALYST = NO;
				SWIFT_EMIT_LOC_STRINGS = YES;
				SWIFT_VERSION = 5.0;
				TARGETED_DEVICE_FAMILY = "1,2";
				XROS_DEPLOYMENT_TARGET = 2.2;
			};
			name = Release;
		};
		950402F82D4D522200F51903 /* Debug */ = {
			isa = XCBuildConfiguration;
			buildSettings = {
				BUNDLE_LOADER = "$(TEST_HOST)";
				CODE_SIGN_STYLE = Automatic;
				CURRENT_PROJECT_VERSION = 1;
				DEAD_CODE_STRIPPING = YES;
				GENERATE_INFOPLIST_FILE = YES;
				IPHONEOS_DEPLOYMENT_TARGET = 18.2;
				MACOSX_DEPLOYMENT_TARGET = 15.2;
				MARKETING_VERSION = 1.0;
				PRODUCT_BUNDLE_IDENTIFIER = net.marquiskurt.MCMapsTests;
				PRODUCT_NAME = "$(TARGET_NAME)";
				SDKROOT = auto;
				SUPPORTED_PLATFORMS = "iphoneos iphonesimulator macosx xros xrsimulator";
				SWIFT_EMIT_LOC_STRINGS = NO;
				SWIFT_VERSION = 5.0;
				TARGETED_DEVICE_FAMILY = "1,2,7";
				TEST_HOST = "$(BUILT_PRODUCTS_DIR)/Alidade.app/$(BUNDLE_EXECUTABLE_FOLDER_PATH)/Alidade";
				XROS_DEPLOYMENT_TARGET = 2.2;
			};
			name = Debug;
		};
		950402F92D4D522200F51903 /* Release */ = {
			isa = XCBuildConfiguration;
			buildSettings = {
				BUNDLE_LOADER = "$(TEST_HOST)";
				CODE_SIGN_STYLE = Automatic;
				CURRENT_PROJECT_VERSION = 1;
				DEAD_CODE_STRIPPING = YES;
				GENERATE_INFOPLIST_FILE = YES;
				IPHONEOS_DEPLOYMENT_TARGET = 18.2;
				MACOSX_DEPLOYMENT_TARGET = 15.2;
				MARKETING_VERSION = 1.0;
				PRODUCT_BUNDLE_IDENTIFIER = net.marquiskurt.MCMapsTests;
				PRODUCT_NAME = "$(TARGET_NAME)";
				SDKROOT = auto;
				SUPPORTED_PLATFORMS = "iphoneos iphonesimulator macosx xros xrsimulator";
				SWIFT_EMIT_LOC_STRINGS = NO;
				SWIFT_VERSION = 5.0;
				TARGETED_DEVICE_FAMILY = "1,2,7";
				TEST_HOST = "$(BUILT_PRODUCTS_DIR)/Alidade.app/$(BUNDLE_EXECUTABLE_FOLDER_PATH)/Alidade";
				XROS_DEPLOYMENT_TARGET = 2.2;
			};
			name = Release;
		};
/* End XCBuildConfiguration section */

/* Begin XCConfigurationList section */
		950402CA2D4D522100F51903 /* Build configuration list for PBXProject "MCMaps" */ = {
			isa = XCConfigurationList;
			buildConfigurations = (
				950402F22D4D522200F51903 /* Debug */,
				950402F32D4D522200F51903 /* Release */,
			);
			defaultConfigurationIsVisible = 0;
			defaultConfigurationName = Release;
		};
		950402F42D4D522200F51903 /* Build configuration list for PBXNativeTarget "Alidade" */ = {
			isa = XCConfigurationList;
			buildConfigurations = (
				950402F52D4D522200F51903 /* Debug */,
				950402F62D4D522200F51903 /* Release */,
			);
			defaultConfigurationIsVisible = 0;
			defaultConfigurationName = Release;
		};
		950402F72D4D522200F51903 /* Build configuration list for PBXNativeTarget "MCMapsTests" */ = {
			isa = XCConfigurationList;
			buildConfigurations = (
				950402F82D4D522200F51903 /* Debug */,
				950402F92D4D522200F51903 /* Release */,
			);
			defaultConfigurationIsVisible = 0;
			defaultConfigurationName = Release;
		};
/* End XCConfigurationList section */

/* Begin XCLocalSwiftPackageReference section */
		955A4D662D932A6500262A6D /* XCLocalSwiftPackageReference "DesignLibrary" */ = {
			isa = XCLocalSwiftPackageReference;
			relativePath = DesignLibrary;
		};
/* End XCLocalSwiftPackageReference section */

/* Begin XCRemoteSwiftPackageReference section */
		951FE2BA2D5937630091BE11 /* XCRemoteSwiftPackageReference "ViewInspector" */ = {
			isa = XCRemoteSwiftPackageReference;
			repositoryURL = "https://github.com/nalexn/ViewInspector";
			requirement = {
				kind = upToNextMajorVersion;
				minimumVersion = 0.10.1;
			};
		};
		955A44362D8F47C600262A6D /* XCRemoteSwiftPackageReference "AdaptableSidebarSheetView" */ = {
			isa = XCRemoteSwiftPackageReference;
			repositoryURL = "https://github.com/alicerunsonfedora/AdaptableSidebarSheetView";
			requirement = {
				branch = main;
				kind = branch;
			};
		};
		955CD1632DAAE1BE007F6FA1 /* XCRemoteSwiftPackageReference "CubiomesKit" */ = {
			isa = XCRemoteSwiftPackageReference;
			repositoryURL = "https://github.com/alicerunsonfedora/CubiomesKit";
			requirement = {
				branch = root;
				kind = branch;
			};
		};
		95DDE9652D57D0E1002B29D9 /* XCRemoteSwiftPackageReference "SwiftLintPlugins" */ = {
			isa = XCRemoteSwiftPackageReference;
			repositoryURL = "https://github.com/SimplyDanny/SwiftLintPlugins";
			requirement = {
				kind = upToNextMajorVersion;
				minimumVersion = 0.58.2;
			};
		};
		95F6B0AB2DADE504006A1B8C /* XCRemoteSwiftPackageReference "swift-async-algorithms" */ = {
			isa = XCRemoteSwiftPackageReference;
			repositoryURL = "https://github.com/apple/swift-async-algorithms.git";
			requirement = {
				kind = upToNextMajorVersion;
				minimumVersion = 1.0.3;
			};
		};
/* End XCRemoteSwiftPackageReference section */

/* Begin XCSwiftPackageProductDependency section */
		9504030E2D4D7E0A00F51903 /* CubiomesKit */ = {
			isa = XCSwiftPackageProductDependency;
			productName = CubiomesKit;
		};
		951FE2BB2D5937630091BE11 /* ViewInspector */ = {
			isa = XCSwiftPackageProductDependency;
			package = 951FE2BA2D5937630091BE11 /* XCRemoteSwiftPackageReference "ViewInspector" */;
			productName = ViewInspector;
		};
		955A44372D8F47C600262A6D /* AdaptableSidebarSheetView */ = {
			isa = XCSwiftPackageProductDependency;
			package = 955A44362D8F47C600262A6D /* XCRemoteSwiftPackageReference "AdaptableSidebarSheetView" */;
			productName = AdaptableSidebarSheetView;
		};
		955A4D672D932A6500262A6D /* DesignLibrary */ = {
			isa = XCSwiftPackageProductDependency;
			productName = DesignLibrary;
		};
		955CD1642DAAE1BE007F6FA1 /* CubiomesKit */ = {
			isa = XCSwiftPackageProductDependency;
			package = 955CD1632DAAE1BE007F6FA1 /* XCRemoteSwiftPackageReference "CubiomesKit" */;
			productName = CubiomesKit;
		};
		95DDE9662D57D0E9002B29D9 /* SwiftLintBuildToolPlugin */ = {
			isa = XCSwiftPackageProductDependency;
			package = 95DDE9652D57D0E1002B29D9 /* XCRemoteSwiftPackageReference "SwiftLintPlugins" */;
			productName = "plugin:SwiftLintBuildToolPlugin";
		};
		95F6B0AC2DADE504006A1B8C /* AsyncAlgorithms */ = {
			isa = XCSwiftPackageProductDependency;
			package = 95F6B0AB2DADE504006A1B8C /* XCRemoteSwiftPackageReference "swift-async-algorithms" */;
			productName = AsyncAlgorithms;
		};
/* End XCSwiftPackageProductDependency section */
	};
	rootObject = 950402C72D4D522100F51903 /* Project object */;
}
