{
  "originHash" : "98666238c4654f87150c063851373a56b12b4551c03d82821d75c2a41b760ac5",
  "pins" : [
    {
      "identity" : "adaptablesidebarsheetview",
      "kind" : "remoteSourceControl",
      "location" : "https://github.com/alicerunsonfedora/AdaptableSidebarSheetView",
      "state" : {
        "branch" : "main",
        "revision" : "df043b808833d559b04c7f95ab1fc48ff194653a"
      }
    },
    {
      "identity" : "cubiomeskit",
      "kind" : "remoteSourceControl",
      "location" : "https://github.com/alicerunsonfedora/CubiomesKit",
      "state" : {
        "branch" : "root",
        "revision" : "f8ba03b26eff9554d33a46713950be0408a42440"
      }
    },
    {
      "identity" : "mapkit-caching-tile-overlay",
      "kind" : "remoteSourceControl",
      "location" : "https://github.com/stadiamaps/mapkit-caching-tile-overlay",
      "state" : {
        "revision" : "f4b992dbefc670d5fcad67623368e120003f8b71",
        "version" : "1.0.4"
      }
    },
    {
      "identity" : "swift-async-algorithms",
      "kind" : "remoteSourceControl",
      "location" : "https://github.com/apple/swift-async-algorithms.git",
      "state" : {
        "revision" : "4c3ea81f81f0a25d0470188459c6d4bf20cf2f97",
        "version" : "1.0.3"
      }
    },
    {
      "identity" : "swift-collections",
      "kind" : "remoteSourceControl",
      "location" : "https://github.com/apple/swift-collections.git",
      "state" : {
        "revision" : "671108c96644956dddcd89dd59c203dcdb36cec7",
        "version" : "1.1.4"
      }
    },
    {
      "identity" : "swiftlintplugins",
      "kind" : "remoteSourceControl",
      "location" : "https://github.com/SimplyDanny/SwiftLintPlugins",
      "state" : {
        "revision" : "a60b5704f335fc18aa3aea3564c74774a338425f",
        "version" : "0.59.0"
      }
    },
    {
      "identity" : "viewinspector",
      "kind" : "remoteSourceControl",
      "location" : "https://github.com/nalexn/ViewInspector",
      "state" : {
        "revision" : "788e7879d38a839c4e348ab0762dcc0364e646a2",
        "version" : "0.10.1"
      }
    }
  ],
  "version" : 3
}
