{
  "originHash" : "beb3e3e26df95278e1d07377876f346c763bf2d520e4b3831a916750d30560f6",
  "pins" : [
    {
      "identity" : "bedrock",
      "kind" : "remoteSourceControl",
      "location" : "https://source.marquiskurt.net/marquiskurt/bedrock",
      "state" : {
        "branch" : "main",
        "revision" : "4c725cdf0257cc54f371d30516dc9d004cbc40e4"
      }
    },
    {
      "identity" : "cubiomeskit",
      "kind" : "remoteSourceControl",
      "location" : "https://source.marquiskurt.net/AlidadeMC/CubiomesKit",
      "state" : {
        "branch" : "root",
        "revision" : "26d5995e741b5e276e8a5af0454c9b3e39334d25"
      }
    },
    {
      "identity" : "documentkit",
      "kind" : "remoteSourceControl",
      "location" : "https://source.marquiskurt.net/marquiskurt/DocumentKit",
      "state" : {
        "branch" : "main",
        "revision" : "8ced7f8b0cde259531fa7a12663c9a93fd39dcfe"
      }
    },
    {
      "identity" : "imageprocessing",
      "kind" : "remoteSourceControl",
      "location" : "https://source.marquiskurt.net/marquiskurt/imageprocessing",
      "state" : {
        "branch" : "main",
        "revision" : "6b44d42805589ca83a8f4a779a79856c74193892"
      }
    },
    {
      "identity" : "mapkit-caching-tile-overlay",
      "kind" : "remoteSourceControl",
      "location" : "https://github.com/stadiamaps/mapkit-caching-tile-overlay",
      "state" : {
        "revision" : "600f218ccc090678ab46bab162a82f63949eb04f",
        "version" : "1.1.0"
      }
    },
    {
      "identity" : "mcmap",
      "kind" : "remoteSourceControl",
      "location" : "https://source.marquiskurt.net/AlidadeMC/mcmap.git",
      "state" : {
        "revision" : "2e6ca8271820ead3c0bb23f2a85e4419412b29c0",
        "version" : "2.0.1"
      }
    },
    {
      "identity" : "searchengine",
      "kind" : "remoteSourceControl",
      "location" : "https://source.marquiskurt.net/AlidadeMC/searchengine",
      "state" : {
        "branch" : "main",
        "revision" : "fe6a0765c4df895c87effdaa46a5fa72057eb850"
      }
    },
    {
      "identity" : "swiftlintplugins",
      "kind" : "remoteSourceControl",
      "location" : "https://github.com/SimplyDanny/SwiftLintPlugins",
      "state" : {
        "revision" : "8a4640d14777685ba8f14e832373160498fbab92",
        "version" : "0.63.2"
      }
    },
    {
      "identity" : "versionedcodable",
      "kind" : "remoteSourceControl",
      "location" : "https://github.com/jrothwell/VersionedCodable.git",
      "state" : {
        "revision" : "bc46608052e6bb9e12ebbfd9b4fa1f6d19724a6b",
        "version" : "1.2.4"
      }
    },
    {
      "identity" : "viewinspector",
      "kind" : "remoteSourceControl",
      "location" : "https://github.com/nalexn/ViewInspector",
      "state" : {
        "revision" : "e9a06346499a3a889165647e3f23f8a7b2609a1c",
        "version" : "0.10.3"
      }
    }
  ],
  "version" : 3
}
