{
  "originHash" : "4d6ab47e74cfc982f47fd214337c073944dbf358e8a0d4810f3065b9f0efed51",
  "pins" : [
    {
      "identity" : "adaptablesidebarsheetview",
      "kind" : "remoteSourceControl",
      "location" : "https://github.com/AlidadeMC/AdaptableSidebarSheetView",
      "state" : {
        "branch" : "main",
        "revision" : "4b24a7d0399561db1a5ea67b449bc4d3855847b0"
      }
    },
    {
      "identity" : "cubiomeskit",
      "kind" : "remoteSourceControl",
      "location" : "https://source.marquiskurt.net/AlidadeMC/CubiomesKit",
      "state" : {
        "revision" : "80f2f5ba382da9676ad5bc542257fc1ddb7a3685",
        "version" : "2.0.0"
      }
    },
    {
      "identity" : "mapkit-caching-tile-overlay",
      "kind" : "remoteSourceControl",
      "location" : "https://github.com/stadiamaps/mapkit-caching-tile-overlay",
      "state" : {
        "revision" : "600f218ccc090678ab46bab162a82f63949eb04f",
        "version" : "1.1.0"
      }
    },
    {
      "identity" : "mcmap",
      "kind" : "remoteSourceControl",
      "location" : "https://source.marquiskurt.net/AlidadeMC/mcmap.git",
      "state" : {
        "revision" : "2e6ca8271820ead3c0bb23f2a85e4419412b29c0",
        "version" : "2.0.1"
      }
    },
    {
      "identity" : "swift-async-algorithms",
      "kind" : "remoteSourceControl",
      "location" : "https://github.com/apple/swift-async-algorithms.git",
      "state" : {
        "revision" : "042e1c4d9d19748c9c228f8d4ebc97bb1e339b0b",
        "version" : "1.0.4"
      }
    },
    {
      "identity" : "swift-collections",
      "kind" : "remoteSourceControl",
      "location" : "https://github.com/apple/swift-collections.git",
      "state" : {
        "revision" : "7b847a3b7008b2dc2f47ca3110d8c782fb2e5c7e",
        "version" : "1.3.0"
      }
    },
    {
      "identity" : "swiftlintplugins",
      "kind" : "remoteSourceControl",
      "location" : "https://github.com/SimplyDanny/SwiftLintPlugins",
      "state" : {
        "revision" : "6166499ede0efe43c3809f101d2c3cd409e2b77a",
        "version" : "0.61.0"
      }
    },
    {
      "identity" : "versionedcodable",
      "kind" : "remoteSourceControl",
      "location" : "https://github.com/jrothwell/VersionedCodable.git",
      "state" : {
        "revision" : "bc46608052e6bb9e12ebbfd9b4fa1f6d19724a6b",
        "version" : "1.2.4"
      }
    },
    {
      "identity" : "viewinspector",
      "kind" : "remoteSourceControl",
      "location" : "https://github.com/nalexn/ViewInspector",
      "state" : {
        "revision" : "e9a06346499a3a889165647e3f23f8a7b2609a1c",
        "version" : "0.10.3"
      }
    }
  ],
  "version" : 3
}
